
Microsoft Visual Studio Solution File, Format Version 11.00
# Visual Studio 2010
# SharpDevelop 4.4
Project("{FD48973F-F585-4F70-812B-4D0503B36CE9}") = "Favorite Quote", "Favorite Quote\Favorite Quote.pyproj", "{8F3EFE39-E76A-4BF1-800C-4A5406F6AB30}"
EndProject
Global
	GlobalSection(SolutionConfigurationPlatforms) = preSolution
		Debug|Any CPU = Debug|Any CPU
		Release|Any CPU = Release|Any CPU
	EndGlobalSection
	GlobalSection(ProjectConfigurationPlatforms) = postSolution
		{8F3EFE39-E76A-4BF1-800C-4A5406F6AB30}.Debug|Any CPU.Build.0 = Debug|Any CPU
		{8F3EFE39-E76A-4BF1-800C-4A5406F6AB30}.Debug|Any CPU.ActiveCfg = Debug|Any CPU
		{8F3EFE39-E76A-4BF1-800C-4A5406F6AB30}.Release|Any CPU.Build.0 = Release|Any CPU
		{8F3EFE39-E76A-4BF1-800C-4A5406F6AB30}.Release|Any CPU.ActiveCfg = Release|Any CPU
	EndGlobalSection
EndGlobal
